
Microsoft Visual Studio Solution File, Format Version 12.00
# Visual Studio Version 17
VisualStudioVersion = 17.13.35919.96 d17.13
MinimumVisualStudioVersion = 10.0.40219.1
Project("{FAE04EC0-301F-11D3-BF4B-00C04F79EFBC}") = "notepad", "notepad\notepad.csproj", "{FD0972E1-B973-4A24-8C43-6A42DB976DB9}"
EndProject
Global
	GlobalSection(SolutionConfigurationPlatforms) = preSolution
		Debug|Any CPU = Debug|Any CPU
		Release|Any CPU = Release|Any CPU
	EndGlobalSection
	GlobalSection(ProjectConfigurationPlatforms) = postSolution
		{FD0972E1-B973-4A24-8C43-6A42DB976DB9}.Debug|Any CPU.ActiveCfg = Debug|Any CPU
		{FD0972E1-B973-4A24-8C43-6A42DB976DB9}.Debug|Any CPU.Build.0 = Debug|Any CPU
		{FD0972E1-B973-4A24-8C43-6A42DB976DB9}.Release|Any CPU.ActiveCfg = Release|Any CPU
		{FD0972E1-B973-4A24-8C43-6A42DB976DB9}.Release|Any CPU.Build.0 = Release|Any CPU
	EndGlobalSection
	GlobalSection(SolutionProperties) = preSolution
		HideSolutionNode = FALSE
	EndGlobalSection
	GlobalSection(ExtensibilityGlobals) = postSolution
		SolutionGuid = {2AED946A-0E25-4D4B-9AC4-FED1A45E0FA0}
	EndGlobalSection
EndGlobal
